
Microsoft Visual Studio Solution File, Format Version 12.00
# Visual Studio Version 17
VisualStudioVersion = 17.10.35201.131
MinimumVisualStudioVersion = 10.0.40219.1
Project("{FAE04EC0-301F-11D3-BF4B-00C04F79EFBC}") = "API", "API\API.csproj", "{FE4079EE-0EC2-43A3-AB00-55A865E79E0D}"
EndProject
Global
	GlobalSection(SolutionConfigurationPlatforms) = preSolution
		Debug|Any CPU = Debug|Any CPU
		Release|Any CPU = Release|Any CPU
	EndGlobalSection
	GlobalSection(ProjectConfigurationPlatforms) = postSolution
		{FE4079EE-0EC2-43A3-AB00-55A865E79E0D}.Debug|Any CPU.ActiveCfg = Debug|Any CPU
		{FE4079EE-0EC2-43A3-AB00-55A865E79E0D}.Debug|Any CPU.Build.0 = Debug|Any CPU
		{FE4079EE-0EC2-43A3-AB00-55A865E79E0D}.Release|Any CPU.ActiveCfg = Release|Any CPU
		{FE4079EE-0EC2-43A3-AB00-55A865E79E0D}.Release|Any CPU.Build.0 = Release|Any CPU
	EndGlobalSection
	GlobalSection(SolutionProperties) = preSolution
		HideSolutionNode = FALSE
	EndGlobalSection
	GlobalSection(ExtensibilityGlobals) = postSolution
		SolutionGuid = {AD215504-B6AB-475E-9B1F-A83CFF4E1BEC}
	EndGlobalSection
EndGlobal
